# THIS IS AN AUTOGENERATED FILE. DO NOT EDIT THIS FILE DIRECTLY.
# yarn lockfile v1


"@react-native-picker/picker@^1.16.3":
  version "1.16.3"
  resolved "https://registry.yarnpkg.com/@react-native-picker/picker/-/picker-1.16.3.tgz#22750f8d44465432845fa59ce20e69761029b6ef"
  integrity sha512-Qt40DBg7IEhBN5x2DYPV3B26j5fNhVZcpCestr1IuirneMNtOaIyA9+nPYniL/OBzd9YbpUKbS7XSy/MM9bP3w==
